
Microsoft Visual Studio Solution File, Format Version 12.00
# Visual Studio Version 17
VisualStudioVersion = 17.5.002.0
MinimumVisualStudioVersion = 10.0.40219.1
Project("{2150E333-8FDC-42A3-9474-1A3956D46DE8}") = "samples", "samples", "{17C8A84C-BB65-4FC0-9844-5A4BD0D4D1D0}"
EndProject
Project("{9A19103F-16F7-4668-BE54-9A1E7A4F7556}") = "basic", "samples\basic\basic.csproj", "{83779E24-DFA2-459C-A675-71F041C1F3A1}"
EndProject
Project("{2150E333-8FDC-42A3-9474-1A3956D46DE8}") = "reactive", "reactive", "{C9684C6E-515F-4FE2-ADF9-E071F8E8356F}"
EndProject
Project("{9A19103F-16F7-4668-BE54-9A1E7A4F7556}") = "reactive", "samples\reactive\fn\reactive.csproj", "{1450E5F1-EB5E-428C-B1F9-777DE32512AF}"
EndProject
Global
	GlobalSection(SolutionConfigurationPlatforms) = preSolution
		Debug|Any CPU = Debug|Any CPU
		Release|Any CPU = Release|Any CPU
	EndGlobalSection
	GlobalSection(ProjectConfigurationPlatforms) = postSolution
		{83779E24-DFA2-459C-A675-71F041C1F3A1}.Debug|Any CPU.ActiveCfg = Debug|Any CPU
		{83779E24-DFA2-459C-A675-71F041C1F3A1}.Debug|Any CPU.Build.0 = Debug|Any CPU
		{83779E24-DFA2-459C-A675-71F041C1F3A1}.Release|Any CPU.ActiveCfg = Release|Any CPU
		{83779E24-DFA2-459C-A675-71F041C1F3A1}.Release|Any CPU.Build.0 = Release|Any CPU
		{1450E5F1-EB5E-428C-B1F9-777DE32512AF}.Debug|Any CPU.ActiveCfg = Debug|Any CPU
		{1450E5F1-EB5E-428C-B1F9-777DE32512AF}.Debug|Any CPU.Build.0 = Debug|Any CPU
		{1450E5F1-EB5E-428C-B1F9-777DE32512AF}.Release|Any CPU.ActiveCfg = Release|Any CPU
		{1450E5F1-EB5E-428C-B1F9-777DE32512AF}.Release|Any CPU.Build.0 = Release|Any CPU
	EndGlobalSection
	GlobalSection(SolutionProperties) = preSolution
		HideSolutionNode = FALSE
	EndGlobalSection
	GlobalSection(NestedProjects) = preSolution
		{83779E24-DFA2-459C-A675-71F041C1F3A1} = {17C8A84C-BB65-4FC0-9844-5A4BD0D4D1D0}
		{C9684C6E-515F-4FE2-ADF9-E071F8E8356F} = {17C8A84C-BB65-4FC0-9844-5A4BD0D4D1D0}
		{1450E5F1-EB5E-428C-B1F9-777DE32512AF} = {C9684C6E-515F-4FE2-ADF9-E071F8E8356F}
	EndGlobalSection
	GlobalSection(ExtensibilityGlobals) = postSolution
		SolutionGuid = {5CE3C0F3-8EBE-4E52-A55E-7A7BB26E8AF5}
	EndGlobalSection
EndGlobal
